// !$*UTF8*$!
{
	archiveVersion = 1;
	classes = {
	};
	objectVersion = 46;
	objects = {

/* Begin PBXBuildFile section */
		CEED3FBB1EDC4CE60014EFF7 /* AppDelegate.swift in Sources */ = {isa = PBXBuildFile; fileRef = CEED3FBA1EDC4CE60014EFF7 /* AppDelegate.swift */; };
		CEED3FBD1EDC4CE60014EFF7 /* ViewController.swift in Sources */ = {isa = PBXBuildFile; fileRef = CEED3FBC1EDC4CE60014EFF7 /* ViewController.swift */; };
		CEED3FC01EDC4CE60014EFF7 /* Main.storyboard in Resources */ = {isa = PBXBuildFile; fileRef = CEED3FBE1EDC4CE60014EFF7 /* Main.storyboard */; };
		CEED3FC21EDC4CE60014EFF7 /* Assets.xcassets in Resources */ = {isa = PBXBuildFile; fileRef = CEED3FC11EDC4CE60014EFF7 /* Assets.xcassets */; };
		CEED3FC51EDC4CE60014EFF7 /* LaunchScreen.storyboard in Resources */ = {isa = PBXBuildFile; fileRef = CEED3FC31EDC4CE60014EFF7 /* LaunchScreen.storyboard */; };
		CEED3FCD1EDC4D2B0014EFF7 /* students.json in Resources */ = {isa = PBXBuildFile; fileRef = CEED3FCC1EDC4D2B0014EFF7 /* students.json */; };
/* End PBXBuildFile section */

/* Begin PBXFileReference section */
		CEED3FB71EDC4CE60014EFF7 /* Grade_exercise.app */ = {isa = PBXFileReference; explicitFileType = wrapper.application; includeInIndex = 0; path = Grade_exercise.app; sourceTree = BUILT_PRODUCTS_DIR; };
		CEED3FBA1EDC4CE60014EFF7 /* AppDelegate.swift */ = {isa = PBXFileReference; lastKnownFileType = sourcecode.swift; path = AppDelegate.swift; sourceTree = "<group>"; };
		CEED3FBC1EDC4CE60014EFF7 /* ViewController.swift */ = {isa = PBXFileReference; lastKnownFileType = sourcecode.swift; path = ViewController.swift; sourceTree = "<group>"; };
		CEED3FBF1EDC4CE60014EFF7 /* Base */ = {isa = PBXFileReference; lastKnownFileType = file.storyboard; name = Base; path = Base.lproj/Main.storyboard; sourceTree = "<group>"; };
		CEED3FC11EDC4CE60014EFF7 /* Assets.xcassets */ = {isa = PBXFileReference; lastKnownFileType = folder.assetcatalog; path = Assets.xcassets; sourceTree = "<group>"; };
		CEED3FC41EDC4CE60014EFF7 /* Base */ = {isa = PBXFileReference; lastKnownFileType = file.storyboard; name = Base; path = Base.lproj/LaunchScreen.storyboard; sourceTree = "<group>"; };
		CEED3FC61EDC4CE60014EFF7 /* Info.plist */ = {isa = PBXFileReference; lastKnownFileType = text.plist.xml; path = Info.plist; sourceTree = "<group>"; };
		CEED3FCC1EDC4D2B0014EFF7 /* students.json */ = {isa = PBXFileReference; fileEncoding = 4; lastKnownFileType = text.json; path = students.json; sourceTree = "<group>"; };
/* End PBXFileReference section */

/* Begin PBXFrameworksBuildPhase section */
		CEED3FB41EDC4CE60014EFF7 /* Frameworks */ = {
			isa = PBXFrameworksBuildPhase;
			buildActionMask = 2147483647;
			files = (
			);
			runOnlyForDeploymentPostprocessing = 0;
		};
/* End PBXFrameworksBuildPhase section */

/* Begin PBXGroup section */
		CEED3FAE1EDC4CE60014EFF7 = {
			isa = PBXGroup;
			children = (
				CEED3FB91EDC4CE60014EFF7 /* Grade_exercise */,
				CEED3FB81EDC4CE60014EFF7 /* Products */,
			);
			sourceTree = "<group>";
		};
		CEED3FB81EDC4CE60014EFF7 /* Products */ = {
			isa = PBXGroup;
			children = (
				CEED3FB71EDC4CE60014EFF7 /* Grade_exercise.app */,
			);
			name = Products;
			sourceTree = "<group>";
		};
		CEED3FB91EDC4CE60014EFF7 /* Grade_exercise */ = {
			isa = PBXGroup;
			children = (
				CEED3FCC1EDC4D2B0014EFF7 /* students.json */,
				CEED3FBA1EDC4CE60014EFF7 /* AppDelegate.swift */,
				CEED3FBC1EDC4CE60014EFF7 /* ViewController.swift */,
				CEED3FBE1EDC4CE60014EFF7 /* Main.storyboard */,
				CEED3FC11EDC4CE60014EFF7 /* Assets.xcassets */,
				CEED3FC31EDC4CE60014EFF7 /* LaunchScreen.storyboard */,
				CEED3FC61EDC4CE60014EFF7 /* Info.plist */,
			);
			path = Grade_exercise;
			sourceTree = "<group>";
		};
/* End PBXGroup section */

/* Begin PBXNativeTarget section */
		CEED3FB61EDC4CE60014EFF7 /* Grade_exercise */ = {
			isa = PBXNativeTarget;
			buildConfigurationList = CEED3FC91EDC4CE60014EFF7 /* Build configuration list for PBXNativeTarget "Grade_exercise" */;
			buildPhases = (
				CEED3FB31EDC4CE60014EFF7 /* Sources */,
				CEED3FB41EDC4CE60014EFF7 /* Frameworks */,
				CEED3FB51EDC4CE60014EFF7 /* Resources */,
			);
			buildRules = (
			);
			dependencies = (
			);
			name = Grade_exercise;
			productName = Grade_exercise;
			productReference = CEED3FB71EDC4CE60014EFF7 /* Grade_exercise.app */;
			productType = "com.apple.product-type.application";
		};
/* End PBXNativeTarget section */

/* Begin PBXProject section */
		CEED3FAF1EDC4CE60014EFF7 /* Project object */ = {
			isa = PBXProject;
			attributes = {
				LastSwiftUpdateCheck = 0830;
				LastUpgradeCheck = 0830;
				ORGANIZATIONNAME = "Ji-Yong Jeong";
				TargetAttributes = {
					CEED3FB61EDC4CE60014EFF7 = {
						CreatedOnToolsVersion = 8.3.2;
						ProvisioningStyle = Automatic;
					};
				};
			};
			buildConfigurationList = CEED3FB21EDC4CE60014EFF7 /* Build configuration list for PBXProject "Grade_exercise" */;
			compatibilityVersion = "Xcode 3.2";
			developmentRegion = English;
			hasScannedForEncodings = 0;
			knownRegions = (
				en,
				Base,
			);
			mainGroup = CEED3FAE1EDC4CE60014EFF7;
			productRefGroup = CEED3FB81EDC4CE60014EFF7 /* Products */;
			projectDirPath = "";
			projectRoot = "";
			targets = (
				CEED3FB61EDC4CE60014EFF7 /* Grade_exercise */,
			);
		};
/* End PBXProject section */

/* Begin PBXResourcesBuildPhase section */
		CEED3FB51EDC4CE60014EFF7 /* Resources */ = {
			isa = PBXResourcesBuildPhase;
			buildActionMask = 2147483647;
			files = (
				CEED3FC51EDC4CE60014EFF7 /* LaunchScreen.storyboard in Resources */,
				CEED3FC21EDC4CE60014EFF7 /* Assets.xcassets in Resources */,
				CEED3FC01EDC4CE60014EFF7 /* Main.storyboard in Resources */,
				CEED3FCD1EDC4D2B0014EFF7 /* students.json in Resources */,
			);
			runOnlyForDeploymentPostprocessing = 0;
		};
/* End PBXResourcesBuildPhase section */

/* Begin PBXSourcesBuildPhase section */
		CEED3FB31EDC4CE60014EFF7 /* Sources */ = {
			isa = PBXSourcesBuildPhase;
			buildActionMask = 2147483647;
			files = (
				CEED3FBD1EDC4CE60014EFF7 /* ViewController.swift in Sources */,
				CEED3FBB1EDC4CE60014EFF7 /* AppDelegate.swift in Sources */,
			);
			runOnlyForDeploymentPostprocessing = 0;
		};
/* End PBXSourcesBuildPhase section */

/* Begin PBXVariantGroup section */
		CEED3FBE1EDC4CE60014EFF7 /* Main.storyboard */ = {
			isa = PBXVariantGroup;
			children = (
				CEED3FBF1EDC4CE60014EFF7 /* Base */,
			);
			name = Main.storyboard;
			sourceTree = "<group>";
		};
		CEED3FC31EDC4CE60014EFF7 /* LaunchScreen.storyboard */ = {
			isa = PBXVariantGroup;
			children = (
				CEED3FC41EDC4CE60014EFF7 /* Base */,
			);
			name = LaunchScreen.storyboard;
			sourceTree = "<group>";
		};
/* End PBXVariantGroup section */

/* Begin XCBuildConfiguration section */
		CEED3FC71EDC4CE60014EFF7 /* Debug */ = {
			isa = XCBuildConfiguration;
			buildSettings = {
				ALWAYS_SEARCH_USER_PATHS = NO;
				CLANG_ANALYZER_NONNULL = YES;
				CLANG_ANALYZER_NUMBER_OBJECT_CONVERSION = YES_AGGRESSIVE;
				CLANG_CXX_LANGUAGE_STANDARD = "gnu++0x";
				CLANG_CXX_LIBRARY = "libc++";
				CLANG_ENABLE_MODULES = YES;
				CLANG_ENABLE_OBJC_ARC = YES;
				CLANG_WARN_BOOL_CONVERSION = YES;
				CLANG_WARN_CONSTANT_CONVERSION = YES;
				CLANG_WARN_DIRECT_OBJC_ISA_USAGE = YES_ERROR;
				CLANG_WARN_DOCUMENTATION_COMMENTS = YES;
				CLANG_WARN_EMPTY_BODY = YES;
				CLANG_WARN_ENUM_CONVERSION = YES;
				CLANG_WARN_INFINITE_RECURSION = YES;
				CLANG_WARN_INT_CONVERSION = YES;
				CLANG_WARN_OBJC_ROOT_CLASS = YES_ERROR;
				CLANG_WARN_SUSPICIOUS_MOVE = YES;
				CLANG_WARN_UNREACHABLE_CODE = YES;
				CLANG_WARN__DUPLICATE_METHOD_MATCH = YES;
				"CODE_SIGN_IDENTITY[sdk=iphoneos*]" = "iPhone Developer";
				COPY_PHASE_STRIP = NO;
				DEBUG_INFORMATION_FORMAT = dwarf;
				ENABLE_STRICT_OBJC_MSGSEND = YES;
				ENABLE_TESTABILITY = YES;
				GCC_C_LANGUAGE_STANDARD = gnu99;
				GCC_DYNAMIC_NO_PIC = NO;
				GCC_NO_COMMON_BLOCKS = YES;
				GCC_OPTIMIZATION_LEVEL = 0;
				GCC_PREPROCESSOR_DEFINITIONS = (
					"DEBUG=1",
					"$(inherited)",
				);
				GCC_WARN_64_TO_32_BIT_CONVERSION = YES;
				GCC_WARN_ABOUT_RETURN_TYPE = YES_ERROR;
				GCC_WARN_UNDECLARED_SELECTOR = YES;
				GCC_WARN_UNINITIALIZED_AUTOS = YES_AGGRESSIVE;
				GCC_WARN_UNUSED_FUNCTION = YES;
				GCC_WARN_UNUSED_VARIABLE = YES;
				IPHONEOS_DEPLOYMENT_TARGET = 10.3;
				MTL_ENABLE_DEBUG_INFO = YES;
				ONLY_ACTIVE_ARCH = YES;
				SDKROOT = iphoneos;
				SWIFT_ACTIVE_COMPILATION_CONDITIONS = DEBUG;
				SWIFT_OPTIMIZATION_LEVEL = "-Onone";
			};
			name = Debug;
		};
		CEED3FC81EDC4CE60014EFF7 /* Release */ = {
			isa = XCBuildConfiguration;
			buildSettings = {
				ALWAYS_SEARCH_USER_PATHS = NO;
				CLANG_ANALYZER_NONNULL = YES;
				CLANG_ANALYZER_NUMBER_OBJECT_CONVERSION = YES_AGGRESSIVE;
				CLANG_CXX_LANGUAGE_STANDARD = "gnu++0x";
				CLANG_CXX_LIBRARY = "libc++";
				CLANG_ENABLE_MODULES = YES;
				CLANG_ENABLE_OBJC_ARC = YES;
				CLANG_WARN_BOOL_CONVERSION = YES;
				CLANG_WARN_CONSTANT_CONVERSION = YES;
				CLANG_WARN_DIRECT_OBJC_ISA_USAGE = YES_ERROR;
				CLANG_WARN_DOCUMENTATION_COMMENTS = YES;
				CLANG_WARN_EMPTY_BODY = YES;
				CLANG_WARN_ENUM_CONVERSION = YES;
				CLANG_WARN_INFINITE_RECURSION = YES;
				CLANG_WARN_INT_CONVERSION = YES;
				CLANG_WARN_OBJC_ROOT_CLASS = YES_ERROR;
				CLANG_WARN_SUSPICIOUS_MOVE = YES;
				CLANG_WARN_UNREACHABLE_CODE = YES;
				CLANG_WARN__DUPLICATE_METHOD_MATCH = YES;
				"CODE_SIGN_IDENTITY[sdk=iphoneos*]" = "iPhone Developer";
				COPY_PHASE_STRIP = NO;
				DEBUG_INFORMATION_FORMAT = "dwarf-with-dsym";
				ENABLE_NS_ASSERTIONS = NO;
				ENABLE_STRICT_OBJC_MSGSEND = YES;
				GCC_C_LANGUAGE_STANDARD = gnu99;
				GCC_NO_COMMON_BLOCKS = YES;
				GCC_WARN_64_TO_32_BIT_CONVERSION = YES;
				GCC_WARN_ABOUT_RETURN_TYPE = YES_ERROR;
				GCC_WARN_UNDECLARED_SELECTOR = YES;
				GCC_WARN_UNINITIALIZED_AUTOS = YES_AGGRESSIVE;
				GCC_WARN_UNUSED_FUNCTION = YES;
				GCC_WARN_UNUSED_VARIABLE = YES;
				IPHONEOS_DEPLOYMENT_TARGET = 10.3;
				MTL_ENABLE_DEBUG_INFO = NO;
				SDKROOT = iphoneos;
				SWIFT_OPTIMIZATION_LEVEL = "-Owholemodule";
				VALIDATE_PRODUCT = YES;
			};
			name = Release;
		};
		CEED3FCA1EDC4CE60014EFF7 /* Debug */ = {
			isa = XCBuildConfiguration;
			buildSettings = {
				ASSETCATALOG_COMPILER_APPICON_NAME = AppIcon;
				INFOPLIST_FILE = Grade_exercise/Info.plist;
				LD_RUNPATH_SEARCH_PATHS = "$(inherited) @executable_path/Frameworks";
				PRODUCT_BUNDLE_IDENTIFIER = "com.Yongcompany.Grade-exercise";
				PRODUCT_NAME = "$(TARGET_NAME)";
				SWIFT_VERSION = 3.0;
			};
			name = Debug;
		};
		CEED3FCB1EDC4CE60014EFF7 /* Release */ = {
			isa = XCBuildConfiguration;
			buildSettings = {
				ASSETCATALOG_COMPILER_APPICON_NAME = AppIcon;
				INFOPLIST_FILE = Grade_exercise/Info.plist;
				LD_RUNPATH_SEARCH_PATHS = "$(inherited) @executable_path/Frameworks";
				PRODUCT_BUNDLE_IDENTIFIER = "com.Yongcompany.Grade-exercise";
				PRODUCT_NAME = "$(TARGET_NAME)";
				SWIFT_VERSION = 3.0;
			};
			name = Release;
		};
/* End XCBuildConfiguration section */

/* Begin XCConfigurationList section */
		CEED3FB21EDC4CE60014EFF7 /* Build configuration list for PBXProject "Grade_exercise" */ = {
			isa = XCConfigurationList;
			buildConfigurations = (
				CEED3FC71EDC4CE60014EFF7 /* Debug */,
				CEED3FC81EDC4CE60014EFF7 /* Release */,
			);
			defaultConfigurationIsVisible = 0;
			defaultConfigurationName = Release;
		};
		CEED3FC91EDC4CE60014EFF7 /* Build configuration list for PBXNativeTarget "Grade_exercise" */ = {
			isa = XCConfigurationList;
			buildConfigurations = (
				CEED3FCA1EDC4CE60014EFF7 /* Debug */,
				CEED3FCB1EDC4CE60014EFF7 /* Release */,
			);
			defaultConfigurationIsVisible = 0;
			defaultConfigurationName = Release;
		};
/* End XCConfigurationList section */
	};
	rootObject = CEED3FAF1EDC4CE60014EFF7 /* Project object */;
}
